{
  "version": 4,
  "terraform_version": "1.4.6",
  "serial": 29,
  "lineage": "6bf2d117-c57a-b070-7ee4-efb3116f4416",
  "outputs": {},
  "resources": [
    {
      "mode": "data",
      "type": "azurerm_client_config",
      "name": "current",
      "provider": "provider[\"registry.terraform.io/hashicorp/azurerm\"]",
      "instances": [
        {
          "schema_version": 0,
          "attributes": {
            "client_id": "04b07795-8ddb-461a-bbee-02f9e1bf7b46",
            "id": "Y2xpZW50Q29uZmlncy9jbGllbnRJZD0wNGIwNzc5NS04ZGRiLTQ2MWEtYmJlZS0wMmY5ZTFiZjdiNDY7b2JqZWN0SWQ9ZGE5YjQ0N2EtNDUyNC00NDgyLTk0OGItOTk5NzliYjU2MTI5O3N1YnNjcmlwdGlvbklkPTM1MTk3ZmU3LWUzY2YtNGIyNy04Yjk1LTZiNmQwMTJhOTU1MDt0ZW5hbnRJZD04ZmIyNWFlMi02ZWQ3LTRjNWQtOWMwYi1jZTNjMzk1OWVmZDU=",
            "object_id": "da9b447a-4524-4482-948b-99979bb56129",
            "subscription_id": "35197fe7-e3cf-4b27-8b95-6b6d012a9550",
            "tenant_id": "8fb25ae2-6ed7-4c5d-9c0b-ce3c3959efd5",
            "timeouts": null
          },
          "sensitive_attributes": []
        }
      ]
    },
    {
      "module": "module.cosmosdb_account",
      "mode": "managed",
      "type": "azurerm_cosmosdb_account",
      "name": "db",
      "provider": "provider[\"registry.terraform.io/hashicorp/azurerm\"]",
      "instances": [
        {
          "schema_version": 0,
          "attributes": {
            "access_key_metadata_writes_enabled": true,
            "analytical_storage": [
              {
                "schema_type": "FullFidelity"
              }
            ],
            "analytical_storage_enabled": false,
            "backup": [
              {
                "interval_in_minutes": 240,
                "retention_in_hours": 8,
                "storage_redundancy": "Geo",
                "type": "Periodic"
              }
            ],
            "capabilities": [
              {
                "name": "EnableAggregationPipeline"
              },
              {
                "name": "EnableMongo"
              },
              {
                "name": "MongoDBv3.4"
              },
              {
                "name": "mongoEnableDocLevelTTL"
              }
            ],
            "capacity": [],
            "connection_strings": [
              "mongodb://techslate-ade-cosmosdb01:nQEQ08ZCNGNsmSXrZ7P4uJokZItrJE6N2tuQFgJkNAtpJfaKRn8evNzvTvUpVanODmzbxx1M7ybUACDbeGoozQ==@techslate-ade-cosmosdb01.mongo.cosmos.azure.com:10255/?ssl=true\u0026replicaSet=globaldb\u0026retrywrites=false\u0026maxIdleTimeMS=120000\u0026appName=@techslate-ade-cosmosdb01@",
              "mongodb://techslate-ade-cosmosdb01:g1zLoRseHizQLCr5Yi5IoOGHJm9ek1If8RNP5Tf8Owv1ZX3xjHnWpRH9wToMRNFoktXcRDA7LQuoACDbgStwqQ==@techslate-ade-cosmosdb01.mongo.cosmos.azure.com:10255/?ssl=true\u0026replicaSet=globaldb\u0026retrywrites=false\u0026maxIdleTimeMS=120000\u0026appName=@techslate-ade-cosmosdb01@",
              "mongodb://techslate-ade-cosmosdb01:rvk9tfl6juwXYHTvtAPp91djH7J3HbIf4EES65LUxyIvvPpuw3e7aRx8G0zZ44dmwvgdxrGDCkDhACDbYoTQwA==@techslate-ade-cosmosdb01.mongo.cosmos.azure.com:10255/?ssl=true\u0026replicaSet=globaldb\u0026retrywrites=false\u0026maxIdleTimeMS=120000\u0026appName=@techslate-ade-cosmosdb01@",
              "mongodb://techslate-ade-cosmosdb01:v2xrrxaZuhm4gR4yhldTNk2nm6oPPp2WATwkxbcKydOixLUiJPSjFnfVej0dehg9QIx4PH38p3MaACDbQJTmlQ==@techslate-ade-cosmosdb01.mongo.cosmos.azure.com:10255/?ssl=true\u0026replicaSet=globaldb\u0026retrywrites=false\u0026maxIdleTimeMS=120000\u0026appName=@techslate-ade-cosmosdb01@"
            ],
            "consistency_policy": [
              {
                "consistency_level": "BoundedStaleness",
                "max_interval_in_seconds": 300,
                "max_staleness_prefix": 100000
              }
            ],
            "cors_rule": [],
            "create_mode": "",
            "default_identity_type": "FirstPartyIdentity",
            "enable_automatic_failover": true,
            "enable_free_tier": false,
            "enable_multiple_write_locations": false,
            "endpoint": "https://techslate-ade-cosmosdb01.documents.azure.com:443/",
            "geo_location": [
              {
                "failover_priority": 0,
                "id": "techslate-ade-cosmosdb01-westus",
                "location": "westus",
                "zone_redundant": false
              },
              {
                "failover_priority": 1,
                "id": "techslate-ade-cosmosdb01-eastus",
                "location": "eastus",
                "zone_redundant": false
              }
            ],
            "id": "/subscriptions/35197fe7-e3cf-4b27-8b95-6b6d012a9550/resourceGroups/techslate-ade-rg/providers/Microsoft.DocumentDB/databaseAccounts/techslate-ade-cosmosdb01",
            "identity": [],
            "ip_range_filter": "",
            "is_virtual_network_filter_enabled": false,
            "key_vault_key_id": null,
            "kind": "MongoDB",
            "local_authentication_disabled": false,
            "location": "northeurope",
            "mongo_server_version": "3.6",
            "name": "techslate-ade-cosmosdb01",
            "network_acl_bypass_for_azure_services": false,
            "network_acl_bypass_ids": null,
            "offer_type": "Standard",
            "primary_key": "nQEQ08ZCNGNsmSXrZ7P4uJokZItrJE6N2tuQFgJkNAtpJfaKRn8evNzvTvUpVanODmzbxx1M7ybUACDbeGoozQ==",
            "primary_readonly_key": "rvk9tfl6juwXYHTvtAPp91djH7J3HbIf4EES65LUxyIvvPpuw3e7aRx8G0zZ44dmwvgdxrGDCkDhACDbYoTQwA==",
            "primary_readonly_sql_connection_string": null,
            "primary_sql_connection_string": null,
            "public_network_access_enabled": true,
            "read_endpoints": [
              "https://techslate-ade-cosmosdb01-westus.documents.azure.com:443/",
              "https://techslate-ade-cosmosdb01-eastus.documents.azure.com:443/"
            ],
            "resource_group_name": "techslate-ade-rg",
            "restore": [],
            "secondary_key": "g1zLoRseHizQLCr5Yi5IoOGHJm9ek1If8RNP5Tf8Owv1ZX3xjHnWpRH9wToMRNFoktXcRDA7LQuoACDbgStwqQ==",
            "secondary_readonly_key": "v2xrrxaZuhm4gR4yhldTNk2nm6oPPp2WATwkxbcKydOixLUiJPSjFnfVej0dehg9QIx4PH38p3MaACDbQJTmlQ==",
            "secondary_readonly_sql_connection_string": null,
            "secondary_sql_connection_string": null,
            "tags": null,
            "timeouts": null,
            "virtual_network_rule": [],
            "write_endpoints": [
              "https://techslate-ade-cosmosdb01-westus.documents.azure.com:443/"
            ]
          },
          "sensitive_attributes": [],
          "private": "eyJlMmJmYjczMC1lY2FhLTExZTYtOGY4OC0zNDM2M2JjN2M0YzAiOnsiY3JlYXRlIjoxMDgwMDAwMDAwMDAwMCwiZGVsZXRlIjoxMDgwMDAwMDAwMDAwMCwicmVhZCI6MzAwMDAwMDAwMDAwLCJ1cGRhdGUiOjEwODAwMDAwMDAwMDAwfX0=",
          "dependencies": [
            "data.azurerm_client_config.current",
            "module.key_vault.azurerm_key_vault.key_vault",
            "module.key_vault.azurerm_key_vault_access_policy.key_vault_access_policy",
            "module.resource_group.azurerm_resource_group.example"
          ]
        }
      ]
    },
    {
      "module": "module.key_vault",
      "mode": "managed",
      "type": "azurerm_key_vault",
      "name": "key_vault",
      "provider": "provider[\"registry.terraform.io/hashicorp/azurerm\"]",
      "instances": [
        {
          "schema_version": 2,
          "attributes": {
            "access_policy": [],
            "contact": [],
            "enable_rbac_authorization": false,
            "enabled_for_deployment": false,
            "enabled_for_disk_encryption": true,
            "enabled_for_template_deployment": false,
            "id": "/subscriptions/35197fe7-e3cf-4b27-8b95-6b6d012a9550/resourceGroups/techslate-ade-rg/providers/Microsoft.KeyVault/vaults/techslate-ade-kv00001",
            "location": "northeurope",
            "name": "techslate-ade-kv00001",
            "network_acls": [
              {
                "bypass": "AzureServices",
                "default_action": "Allow",
                "ip_rules": [],
                "virtual_network_subnet_ids": []
              }
            ],
            "public_network_access_enabled": true,
            "purge_protection_enabled": false,
            "resource_group_name": "techslate-ade-rg",
            "sku_name": "standard",
            "soft_delete_retention_days": 7,
            "tags": null,
            "tenant_id": "8fb25ae2-6ed7-4c5d-9c0b-ce3c3959efd5",
            "timeouts": null,
            "vault_uri": "https://techslate-ade-kv00001.vault.azure.net/"
          },
          "sensitive_attributes": [],
          "private": "eyJlMmJmYjczMC1lY2FhLTExZTYtOGY4OC0zNDM2M2JjN2M0YzAiOnsiY3JlYXRlIjoxODAwMDAwMDAwMDAwLCJkZWxldGUiOjE4MDAwMDAwMDAwMDAsInJlYWQiOjMwMDAwMDAwMDAwMCwidXBkYXRlIjoxODAwMDAwMDAwMDAwfSwic2NoZW1hX3ZlcnNpb24iOiIyIn0=",
          "dependencies": [
            "data.azurerm_client_config.current",
            "module.resource_group.azurerm_resource_group.example"
          ]
        }
      ]
    },
    {
      "module": "module.key_vault",
      "mode": "managed",
      "type": "azurerm_key_vault_access_policy",
      "name": "key_vault_access_policy",
      "provider": "provider[\"registry.terraform.io/hashicorp/azurerm\"]",
      "instances": [
        {
          "schema_version": 0,
          "attributes": {
            "application_id": null,
            "certificate_permissions": null,
            "id": "/subscriptions/35197fe7-e3cf-4b27-8b95-6b6d012a9550/resourceGroups/techslate-ade-rg/providers/Microsoft.KeyVault/vaults/techslate-ade-kv00001/objectId/da9b447a-4524-4482-948b-99979bb56129",
            "key_permissions": [
              "List"
            ],
            "key_vault_id": "/subscriptions/35197fe7-e3cf-4b27-8b95-6b6d012a9550/resourceGroups/techslate-ade-rg/providers/Microsoft.KeyVault/vaults/techslate-ade-kv00001",
            "object_id": "da9b447a-4524-4482-948b-99979bb56129",
            "secret_permissions": [
              "Get",
              "List",
              "Set",
              "Delete",
              "Purge"
            ],
            "storage_permissions": null,
            "tenant_id": "8fb25ae2-6ed7-4c5d-9c0b-ce3c3959efd5",
            "timeouts": null
          },
          "sensitive_attributes": [],
          "private": "eyJlMmJmYjczMC1lY2FhLTExZTYtOGY4OC0zNDM2M2JjN2M0YzAiOnsiY3JlYXRlIjoxODAwMDAwMDAwMDAwLCJkZWxldGUiOjE4MDAwMDAwMDAwMDAsInJlYWQiOjMwMDAwMDAwMDAwMCwidXBkYXRlIjoxODAwMDAwMDAwMDAwfX0=",
          "dependencies": [
            "data.azurerm_client_config.current",
            "module.key_vault.azurerm_key_vault.key_vault",
            "module.resource_group.azurerm_resource_group.example"
          ]
        }
      ]
    },
    {
      "module": "module.key_vault_secret",
      "mode": "managed",
      "type": "azurerm_key_vault_secret",
      "name": "key_vault_secret",
      "provider": "provider[\"registry.terraform.io/hashicorp/azurerm\"]",
      "instances": [
        {
          "index_key": "cosmos-db-primary-key",
          "schema_version": 0,
          "attributes": {
            "content_type": "",
            "expiration_date": null,
            "id": "https://techslate-ade-kv00001.vault.azure.net/secrets/cosmos-db-primary-key/552a2ada815346c3bcb0ffdbfd7b5d3a",
            "key_vault_id": "/subscriptions/35197fe7-e3cf-4b27-8b95-6b6d012a9550/resourceGroups/techslate-ade-rg/providers/Microsoft.KeyVault/vaults/techslate-ade-kv00001",
            "name": "cosmos-db-primary-key",
            "not_before_date": null,
            "resource_id": "/subscriptions/35197fe7-e3cf-4b27-8b95-6b6d012a9550/resourceGroups/techslate-ade-rg/providers/Microsoft.KeyVault/vaults/techslate-ade-kv00001/secrets/cosmos-db-primary-key/versions/552a2ada815346c3bcb0ffdbfd7b5d3a",
            "resource_versionless_id": "/subscriptions/35197fe7-e3cf-4b27-8b95-6b6d012a9550/resourceGroups/techslate-ade-rg/providers/Microsoft.KeyVault/vaults/techslate-ade-kv00001/secrets/cosmos-db-primary-key",
            "tags": null,
            "timeouts": null,
            "value": "nQEQ08ZCNGNsmSXrZ7P4uJokZItrJE6N2tuQFgJkNAtpJfaKRn8evNzvTvUpVanODmzbxx1M7ybUACDbeGoozQ==",
            "version": "552a2ada815346c3bcb0ffdbfd7b5d3a",
            "versionless_id": "https://techslate-ade-kv00001.vault.azure.net/secrets/cosmos-db-primary-key"
          },
          "sensitive_attributes": [
            [
              {
                "type": "get_attr",
                "value": "value"
              }
            ]
          ],
          "private": "eyJlMmJmYjczMC1lY2FhLTExZTYtOGY4OC0zNDM2M2JjN2M0YzAiOnsiY3JlYXRlIjoxODAwMDAwMDAwMDAwLCJkZWxldGUiOjE4MDAwMDAwMDAwMDAsInJlYWQiOjE4MDAwMDAwMDAwMDAsInVwZGF0ZSI6MTgwMDAwMDAwMDAwMH19",
          "dependencies": [
            "data.azurerm_client_config.current",
            "module.cosmosdb_account.azurerm_cosmosdb_account.db",
            "module.key_vault.azurerm_key_vault.key_vault",
            "module.key_vault.azurerm_key_vault_access_policy.key_vault_access_policy",
            "module.resource_group.azurerm_resource_group.example"
          ]
        },
        {
          "index_key": "cosmos-db-secondary-key",
          "schema_version": 0,
          "attributes": {
            "content_type": "",
            "expiration_date": null,
            "id": "https://techslate-ade-kv00001.vault.azure.net/secrets/cosmos-db-secondary-key/bec05a021e4148bea2ee139c9eb5cd88",
            "key_vault_id": "/subscriptions/35197fe7-e3cf-4b27-8b95-6b6d012a9550/resourceGroups/techslate-ade-rg/providers/Microsoft.KeyVault/vaults/techslate-ade-kv00001",
            "name": "cosmos-db-secondary-key",
            "not_before_date": null,
            "resource_id": "/subscriptions/35197fe7-e3cf-4b27-8b95-6b6d012a9550/resourceGroups/techslate-ade-rg/providers/Microsoft.KeyVault/vaults/techslate-ade-kv00001/secrets/cosmos-db-secondary-key/versions/bec05a021e4148bea2ee139c9eb5cd88",
            "resource_versionless_id": "/subscriptions/35197fe7-e3cf-4b27-8b95-6b6d012a9550/resourceGroups/techslate-ade-rg/providers/Microsoft.KeyVault/vaults/techslate-ade-kv00001/secrets/cosmos-db-secondary-key",
            "tags": null,
            "timeouts": null,
            "value": "g1zLoRseHizQLCr5Yi5IoOGHJm9ek1If8RNP5Tf8Owv1ZX3xjHnWpRH9wToMRNFoktXcRDA7LQuoACDbgStwqQ==",
            "version": "bec05a021e4148bea2ee139c9eb5cd88",
            "versionless_id": "https://techslate-ade-kv00001.vault.azure.net/secrets/cosmos-db-secondary-key"
          },
          "sensitive_attributes": [
            [
              {
                "type": "get_attr",
                "value": "value"
              }
            ]
          ],
          "private": "eyJlMmJmYjczMC1lY2FhLTExZTYtOGY4OC0zNDM2M2JjN2M0YzAiOnsiY3JlYXRlIjoxODAwMDAwMDAwMDAwLCJkZWxldGUiOjE4MDAwMDAwMDAwMDAsInJlYWQiOjE4MDAwMDAwMDAwMDAsInVwZGF0ZSI6MTgwMDAwMDAwMDAwMH19",
          "dependencies": [
            "data.azurerm_client_config.current",
            "module.cosmosdb_account.azurerm_cosmosdb_account.db",
            "module.key_vault.azurerm_key_vault.key_vault",
            "module.key_vault.azurerm_key_vault_access_policy.key_vault_access_policy",
            "module.resource_group.azurerm_resource_group.example"
          ]
        }
      ]
    },
    {
      "module": "module.key_vault_secret",
      "mode": "managed",
      "type": "random_password",
      "name": "random_password",
      "provider": "provider[\"registry.terraform.io/hashicorp/random\"]",
      "instances": [
        {
          "schema_version": 3,
          "attributes": {
            "bcrypt_hash": "$2a$10$sIq3ur1.7V5DgkURONanP.KDdpRxqyZMNiTBaBc067bKTNOuNbImC",
            "id": "none",
            "keepers": null,
            "length": 20,
            "lower": true,
            "min_lower": 0,
            "min_numeric": 0,
            "min_special": 0,
            "min_upper": 0,
            "number": true,
            "numeric": true,
            "override_special": null,
            "result": "0=xrgZQiaboqXM+a:4YV",
            "special": true,
            "upper": true
          },
          "sensitive_attributes": [],
          "dependencies": [
            "data.azurerm_client_config.current",
            "module.cosmosdb_account.azurerm_cosmosdb_account.db",
            "module.key_vault.azurerm_key_vault.key_vault",
            "module.key_vault.azurerm_key_vault_access_policy.key_vault_access_policy",
            "module.resource_group.azurerm_resource_group.example"
          ]
        }
      ]
    },
    {
      "module": "module.resource_group",
      "mode": "managed",
      "type": "azurerm_resource_group",
      "name": "example",
      "provider": "provider[\"registry.terraform.io/hashicorp/azurerm\"]",
      "instances": [
        {
          "schema_version": 0,
          "attributes": {
            "id": "/subscriptions/35197fe7-e3cf-4b27-8b95-6b6d012a9550/resourceGroups/techslate-ade-rg",
            "location": "northeurope",
            "name": "techslate-ade-rg",
            "tags": {
              "cost": "163",
              "dept": "finance",
              "env": "dev",
              "source": "terraform"
            },
            "timeouts": null
          },
          "sensitive_attributes": [],
          "private": "eyJlMmJmYjczMC1lY2FhLTExZTYtOGY4OC0zNDM2M2JjN2M0YzAiOnsiY3JlYXRlIjo1NDAwMDAwMDAwMDAwLCJkZWxldGUiOjU0MDAwMDAwMDAwMDAsInJlYWQiOjMwMDAwMDAwMDAwMCwidXBkYXRlIjo1NDAwMDAwMDAwMDAwfX0="
        }
      ]
    }
  ],
  "check_results": null
}
